
Microsoft Visual Studio Solution File, Format Version 11.00
# Visual Web Developer Express 2010
Project("{FAE04EC0-301F-11D3-BF4B-00C04F79EFBC}") = "Slapsteon.RazorWeb", "Slapsteon.RazorWeb\Slapsteon.RazorWeb.csproj", "{BD5D323B-8575-451E-8E3C-B81F961A2CBD}"
EndProject
Project("{FAE04EC0-301F-11D3-BF4B-00C04F79EFBC}") = "Insteon.Devices", "C:\slapsteon\Insteon.Devices\Insteon.Devices.csproj", "{431CFD3A-7A5D-453B-A8C1-6E3E4F058902}"
EndProject
Global
	GlobalSection(SolutionConfigurationPlatforms) = preSolution
		Debug|Any CPU = Debug|Any CPU
		Release|Any CPU = Release|Any CPU
	EndGlobalSection
	GlobalSection(ProjectConfigurationPlatforms) = postSolution
		{BD5D323B-8575-451E-8E3C-B81F961A2CBD}.Debug|Any CPU.ActiveCfg = Debug|Any CPU
		{BD5D323B-8575-451E-8E3C-B81F961A2CBD}.Debug|Any CPU.Build.0 = Debug|Any CPU
		{BD5D323B-8575-451E-8E3C-B81F961A2CBD}.Release|Any CPU.ActiveCfg = Release|Any CPU
		{BD5D323B-8575-451E-8E3C-B81F961A2CBD}.Release|Any CPU.Build.0 = Release|Any CPU
		{431CFD3A-7A5D-453B-A8C1-6E3E4F058902}.Debug|Any CPU.ActiveCfg = Debug|Any CPU
		{431CFD3A-7A5D-453B-A8C1-6E3E4F058902}.Debug|Any CPU.Build.0 = Debug|Any CPU
		{431CFD3A-7A5D-453B-A8C1-6E3E4F058902}.Release|Any CPU.ActiveCfg = Release|Any CPU
		{431CFD3A-7A5D-453B-A8C1-6E3E4F058902}.Release|Any CPU.Build.0 = Release|Any CPU
	EndGlobalSection
	GlobalSection(SolutionProperties) = preSolution
		HideSolutionNode = FALSE
	EndGlobalSection
EndGlobal
